
Microsoft Visual Studio Solution File, Format Version 12.00
# Visual Studio Version 16
VisualStudioVersion = 25.0.1704.4
MinimumVisualStudioVersion = 10.0.40219.1
Project("{FAE04EC0-301F-11D3-BF4B-00C04F79EFBC}") = "Exemplo01", "Exemplo01\Exemplo01.csproj", "{10504E29-0A19-42BC-9AC2-0882459C8F83}"
EndProject
Project("{FAE04EC0-301F-11D3-BF4B-00C04F79EFBC}") = "Exemplo02", "Exemplo02\Exemplo02.csproj", "{DC580652-531A-49ED-819E-B52EACFA5A22}"
EndProject
Global
	GlobalSection(SolutionConfigurationPlatforms) = preSolution
		Debug|Any CPU = Debug|Any CPU
		Release|Any CPU = Release|Any CPU
	EndGlobalSection
	GlobalSection(ProjectConfigurationPlatforms) = postSolution
		{10504E29-0A19-42BC-9AC2-0882459C8F83}.Debug|Any CPU.ActiveCfg = Debug|Any CPU
		{10504E29-0A19-42BC-9AC2-0882459C8F83}.Debug|Any CPU.Build.0 = Debug|Any CPU
		{10504E29-0A19-42BC-9AC2-0882459C8F83}.Release|Any CPU.ActiveCfg = Release|Any CPU
		{10504E29-0A19-42BC-9AC2-0882459C8F83}.Release|Any CPU.Build.0 = Release|Any CPU
		{DC580652-531A-49ED-819E-B52EACFA5A22}.Debug|Any CPU.ActiveCfg = Debug|Any CPU
		{DC580652-531A-49ED-819E-B52EACFA5A22}.Debug|Any CPU.Build.0 = Debug|Any CPU
		{DC580652-531A-49ED-819E-B52EACFA5A22}.Release|Any CPU.ActiveCfg = Release|Any CPU
		{DC580652-531A-49ED-819E-B52EACFA5A22}.Release|Any CPU.Build.0 = Release|Any CPU
	EndGlobalSection
	GlobalSection(SolutionProperties) = preSolution
		HideSolutionNode = FALSE
	EndGlobalSection
	GlobalSection(ExtensibilityGlobals) = postSolution
		SolutionGuid = {2316B721-9BFC-400C-92D4-47896470DC9A}
	EndGlobalSection
EndGlobal
