
Microsoft Visual Studio Solution File, Format Version 12.00
# Visual Studio Version 17
VisualStudioVersion = 17.3.32811.315
MinimumVisualStudioVersion = 10.0.40219.1
Project("{FAE04EC0-301F-11D3-BF4B-00C04F79EFBC}") = "Aula_03", "Aula_03.csproj", "{D8140EB8-74BE-41C0-BECF-DB50036E2C21}"
EndProject
Global
	GlobalSection(SolutionConfigurationPlatforms) = preSolution
		Debug|Any CPU = Debug|Any CPU
		Release|Any CPU = Release|Any CPU
	EndGlobalSection
	GlobalSection(ProjectConfigurationPlatforms) = postSolution
		{D8140EB8-74BE-41C0-BECF-DB50036E2C21}.Debug|Any CPU.ActiveCfg = Debug|Any CPU
		{D8140EB8-74BE-41C0-BECF-DB50036E2C21}.Debug|Any CPU.Build.0 = Debug|Any CPU
		{D8140EB8-74BE-41C0-BECF-DB50036E2C21}.Release|Any CPU.ActiveCfg = Release|Any CPU
		{D8140EB8-74BE-41C0-BECF-DB50036E2C21}.Release|Any CPU.Build.0 = Release|Any CPU
	EndGlobalSection
	GlobalSection(SolutionProperties) = preSolution
		HideSolutionNode = FALSE
	EndGlobalSection
	GlobalSection(ExtensibilityGlobals) = postSolution
		SolutionGuid = {48C17B06-3ECB-4295-A2A5-1B300E662552}
	EndGlobalSection
EndGlobal
