
Microsoft Visual Studio Solution File, Format Version 12.00
# Visual Studio Version 17
VisualStudioVersion = 17.2.32630.192
MinimumVisualStudioVersion = 10.0.40219.1
Project("{FAE04EC0-301F-11D3-BF4B-00C04F79EFBC}") = "Aula01", "Aula01.csproj", "{6FE16ECE-4943-42CE-B0AD-6CE0487B3E61}"
EndProject
Global
	GlobalSection(SolutionConfigurationPlatforms) = preSolution
		Debug|Any CPU = Debug|Any CPU
		Release|Any CPU = Release|Any CPU
	EndGlobalSection
	GlobalSection(ProjectConfigurationPlatforms) = postSolution
		{6FE16ECE-4943-42CE-B0AD-6CE0487B3E61}.Debug|Any CPU.ActiveCfg = Debug|Any CPU
		{6FE16ECE-4943-42CE-B0AD-6CE0487B3E61}.Debug|Any CPU.Build.0 = Debug|Any CPU
		{6FE16ECE-4943-42CE-B0AD-6CE0487B3E61}.Release|Any CPU.ActiveCfg = Release|Any CPU
		{6FE16ECE-4943-42CE-B0AD-6CE0487B3E61}.Release|Any CPU.Build.0 = Release|Any CPU
	EndGlobalSection
	GlobalSection(SolutionProperties) = preSolution
		HideSolutionNode = FALSE
	EndGlobalSection
	GlobalSection(ExtensibilityGlobals) = postSolution
		SolutionGuid = {2C27DC44-6A1E-45E3-9490-76070EE88601}
	EndGlobalSection
EndGlobal
